
Microsoft Visual Studio Solution File, Format Version 12.00
# Visual Studio Version 16
VisualStudioVersion = 16.0.30225.117
MinimumVisualStudioVersion = 10.0.40219.1
Project("{FAE04EC0-301F-11D3-BF4B-00C04F79EFBC}") = "ConsoleOffice", "ConsoleOffice\ConsoleOffice.csproj", "{B270CD9A-2E8C-40E4-BD2E-207B950E73A6}"
EndProject
Global
	GlobalSection(SolutionConfigurationPlatforms) = preSolution
		Debug|Any CPU = Debug|Any CPU
		Release|Any CPU = Release|Any CPU
	EndGlobalSection
	GlobalSection(ProjectConfigurationPlatforms) = postSolution
		{B270CD9A-2E8C-40E4-BD2E-207B950E73A6}.Debug|Any CPU.ActiveCfg = Debug|Any CPU
		{B270CD9A-2E8C-40E4-BD2E-207B950E73A6}.Debug|Any CPU.Build.0 = Debug|Any CPU
		{B270CD9A-2E8C-40E4-BD2E-207B950E73A6}.Release|Any CPU.ActiveCfg = Release|Any CPU
		{B270CD9A-2E8C-40E4-BD2E-207B950E73A6}.Release|Any CPU.Build.0 = Release|Any CPU
	EndGlobalSection
	GlobalSection(SolutionProperties) = preSolution
		HideSolutionNode = FALSE
	EndGlobalSection
	GlobalSection(ExtensibilityGlobals) = postSolution
		SolutionGuid = {E6080447-72AB-4741-BEDB-06817D22D767}
	EndGlobalSection
EndGlobal
